
Microsoft Visual Studio Solution File, Format Version 12.00
# Visual Studio Version 16
VisualStudioVersion = 16.0.31112.23
MinimumVisualStudioVersion = 10.0.40219.1
Project("{FAE04EC0-301F-11D3-BF4B-00C04F79EFBC}") = "Подбери пару", "Подбери пару.csproj", "{B9941A4B-6CD7-4094-A6ED-586AACAD525C}"
EndProject
Global
	GlobalSection(SolutionConfigurationPlatforms) = preSolution
		Debug|Any CPU = Debug|Any CPU
		Release|Any CPU = Release|Any CPU
	EndGlobalSection
	GlobalSection(ProjectConfigurationPlatforms) = postSolution
		{B9941A4B-6CD7-4094-A6ED-586AACAD525C}.Debug|Any CPU.ActiveCfg = Debug|Any CPU
		{B9941A4B-6CD7-4094-A6ED-586AACAD525C}.Debug|Any CPU.Build.0 = Debug|Any CPU
		{B9941A4B-6CD7-4094-A6ED-586AACAD525C}.Release|Any CPU.ActiveCfg = Release|Any CPU
		{B9941A4B-6CD7-4094-A6ED-586AACAD525C}.Release|Any CPU.Build.0 = Release|Any CPU
	EndGlobalSection
	GlobalSection(SolutionProperties) = preSolution
		HideSolutionNode = FALSE
	EndGlobalSection
	GlobalSection(ExtensibilityGlobals) = postSolution
		SolutionGuid = {68A1533E-4773-481F-BFD8-F02323108C39}
	EndGlobalSection
EndGlobal
